# This file is autogenerated, do not edit; changes may be undone by the next 'dep ensure'.


[[projects]]
  digest = "1:5c3894b2aa4d6bead0ceeea6831b305d62879c871780e7b76296ded1b004bc57"
  name = "cloud.google.com/go"
  packages = ["compute/metadata"]
  pruneopts = "UT"
  revision = "97efc2c9ffd9fe8ef47f7f3203dc60bbca547374"
  version = "v0.28.0"

[[projects]]
  digest = "1:b16fbfbcc20645cb419f78325bb2e85ec729b338e996a228124d68931a6f2a37"
  name = "github.com/BurntSushi/toml"
  packages = ["."]
  pruneopts = "UT"
  revision = "b26d9c308763d68093482582cea63d69be07a0f0"
  version = "v0.3.0"

[[projects]]
  digest = "1:e8798b502fb00de4430f49d0f4dde7cc98506438c79564e864600c0a0411c108"
  name = "github.com/Shaked/gomobiledetect"
  packages = ["."]
  pruneopts = "UT"
  revision = "0a3a6a10dadbf7d0ceed42834238ea0f8fb582ac"
  version = "1.2.0"

[[projects]]
  digest = "1:320e7ead93de9fd2b0e59b50fd92a4d50c1f8ab455d96bc2eb083267453a9709"
  name = "github.com/asaskevich/govalidator"
  packages = ["."]
  pruneopts = "UT"
  revision = "ccb8e960c48f04d6935e72476ae4a51028f9e22f"
  version = "v9"

[[projects]]
  digest = "1:8fbc2e1f7d74b6a75816f6c9d397c5b5ad150f2f1123d1708c3a21c07c34ff7e"
  name = "github.com/aws/aws-sdk-go"
  packages = [
    "aws",
    "aws/awserr",
    "aws/awsutil",
    "aws/client",
    "aws/client/metadata",
    "aws/corehandlers",
    "aws/credentials",
    "aws/credentials/ec2rolecreds",
    "aws/credentials/endpointcreds",
    "aws/credentials/stscreds",
    "aws/csm",
    "aws/defaults",
    "aws/ec2metadata",
    "aws/endpoints",
    "aws/request",
    "aws/session",
    "aws/signer/v4",
    "internal/sdkio",
    "internal/sdkrand",
    "internal/sdkuri",
    "internal/shareddefaults",
    "private/protocol",
    "private/protocol/eventstream",
    "private/protocol/eventstream/eventstreamapi",
    "private/protocol/query",
    "private/protocol/query/queryutil",
    "private/protocol/rest",
    "private/protocol/restxml",
    "private/protocol/xml/xmlutil",
    "service/s3",
    "service/sts",
  ]
  pruneopts = "UT"
  revision = "34699de98eac41fa94737f6ce7b83d7a621c2634"
  version = "v1.15.36"

[[projects]]
  branch = "master"
  digest = "1:0f771bfa3f8c04081eda764421ec4003055fa6a11af984834c27d1f40e8b8103"
  name = "github.com/azumads/faker"
  packages = ["."]
  pruneopts = "UT"
  revision = "6cae71ddb10767f30fbb8a9d3d6b5baf792c33e7"

[[projects]]
  digest = "1:76dc72490af7174349349838f2fe118996381b31ea83243812a97e5a0fd5ed55"
  name = "github.com/dgrijalva/jwt-go"
  packages = ["."]
  pruneopts = "UT"
  revision = "06ea1031745cb8b3dab3f6a236daf2b0aa468b7e"
  version = "v3.2.0"

[[projects]]
  digest = "1:2694597a20d303502ad1b7f1cc688977c7dc34da732ccf4d27e98b552cceed5b"
  name = "github.com/disintegration/imaging"
  packages = ["."]
  pruneopts = "UT"
  revision = "0bd5694c78c9c3d9a3cd06a706a8f3c59296a9ac"
  version = "v1.5.0"

[[projects]]
  digest = "1:a9fe0f8ff72c388d0128e88ce5f3c27d37dcd0950acd7cdb8323555f12463396"
  name = "github.com/go-chi/chi"
  packages = [
    ".",
    "middleware",
  ]
  pruneopts = "UT"
  revision = "b5294d10673813fac8558e7f47242bc9e61b4c25"
  version = "v3.3.3"

[[projects]]
  digest = "1:5abd6a22805b1919f6a6bca0ae58b13cef1f3412812f38569978f43ef02743d4"
  name = "github.com/go-ini/ini"
  packages = ["."]
  pruneopts = "UT"
  revision = "5cf292cae48347c2490ac1a58fe36735fb78df7e"
  version = "v1.38.2"

[[projects]]
  digest = "1:adea5a94903eb4384abef30f3d878dc9ff6b6b5b0722da25b82e5169216dfb61"
  name = "github.com/go-sql-driver/mysql"
  packages = ["."]
  pruneopts = "UT"
  revision = "d523deb1b23d913de5bdada721a6071e71283618"
  version = "v1.4.0"

[[projects]]
  digest = "1:97df918963298c287643883209a2c3f642e6593379f97ab400c2a2e219ab647d"
  name = "github.com/golang/protobuf"
  packages = ["proto"]
  pruneopts = "UT"
  revision = "aa810b61a9c79d51363740d207bb46cf8e620ed5"
  version = "v1.2.0"

[[projects]]
  digest = "1:70088cd4a61c745fd77686978c41d868a85e12bb85d83692b4c15512f493c2ca"
  name = "github.com/google/go-github"
  packages = ["github"]
  pruneopts = "UT"
  revision = "c3e9de61cf0678e682ea2b98cf1301ae3a814bc8"
  version = "v18.1.0"

[[projects]]
  digest = "1:a63cff6b5d8b95638bfe300385d93b2a6d9d687734b863da8e09dc834510a690"
  name = "github.com/google/go-querystring"
  packages = ["query"]
  pruneopts = "UT"
  revision = "44c6ddd0a2342c386950e880b658017258da92fc"
  version = "v1.0.0"

[[projects]]
  digest = "1:c79fb010be38a59d657c48c6ba1d003a8aa651fa56b579d959d74573b7dff8e1"
  name = "github.com/gorilla/context"
  packages = ["."]
  pruneopts = "UT"
  revision = "08b5f424b9271eedf6f9f0ce86cb9396ed337a42"
  version = "v1.1.1"

[[projects]]
  digest = "1:f7463b67871bf7fe475e2c69fb0d21ead07de5188b8d7f8abf8fc961965ed841"
  name = "github.com/gorilla/schema"
  packages = ["."]
  pruneopts = "UT"
  revision = "d0e4c24cff97ae983e9847e0ed5a02dc10013d41"
  version = "v1.0.2"

[[projects]]
  digest = "1:e72d1ebb8d395cf9f346fd9cbc652e5ae222dd85e0ac842dc57f175abed6d195"
  name = "github.com/gorilla/securecookie"
  packages = ["."]
  pruneopts = "UT"
  revision = "e59506cc896acb7f7bf732d4fdf5e25f7ccd8983"
  version = "v1.1.1"

[[projects]]
  digest = "1:0aa142ca3543fa3aca344c2fa2d52e01d706a3ce4e1fa893e0ef29b5349ddf7a"
  name = "github.com/gorilla/sessions"
  packages = ["."]
  pruneopts = "UT"
  revision = "81547393f870a35be888759a606ba7bf71dbe5c7"
  version = "v1.1.2"

[[projects]]
  digest = "1:492ed619f52ea17d1139585493efe633bd4307dbde75bd054284052250a6370a"
  name = "github.com/gosimple/slug"
  packages = ["."]
  pruneopts = "UT"
  revision = "91d42f4c3433698e88e87b17a3efbfe40b67c323"
  version = "v1.2.0"

[[projects]]
  branch = "master"
  digest = "1:0f65b10afa740ebce239838198b7647ca95c6395738bbaec5748aceece17b07c"
  name = "github.com/jinzhu/configor"
  packages = ["."]
  pruneopts = "UT"
  revision = "4edaf76fe18865e36de734d887f4c01bd05707af"

[[projects]]
  branch = "master"
  digest = "1:5c3444689562053b027ef3b96372e306adbe0d7d109b6cdd48d01eb80f8bab14"
  name = "github.com/jinzhu/copier"
  packages = ["."]
  pruneopts = "UT"
  revision = "7e38e58719c33e0d44d585c4ab477a30f8cb82dd"

[[projects]]
  digest = "1:d9fc76d096b2c7a459e53e748185b5766f37b9f8bd40aecbe212d4556ce12829"
  name = "github.com/jinzhu/gorm"
  packages = [
    ".",
    "dialects/mysql",
    "dialects/postgres",
  ]
  pruneopts = "UT"
  revision = "6ed508ec6a4ecb3531899a69cbc746ccf65a4166"
  version = "v1.9.1"

[[projects]]
  branch = "master"
  digest = "1:fd97437fbb6b7dce04132cf06775bd258cce305c44add58eb55ca86c6c325160"
  name = "github.com/jinzhu/inflection"
  packages = ["."]
  pruneopts = "UT"
  revision = "04140366298a54a039076d798123ffa108fff46c"

[[projects]]
  branch = "master"
  digest = "1:55011902fbefd825fd286f47e1783e2f5e0316eac7be414d28f8f5dd82156b0f"
  name = "github.com/jinzhu/now"
  packages = ["."]
  pruneopts = "UT"
  revision = "ed742868f2aebdb1c0c437bf4f7257f88834b66f"

[[projects]]
  digest = "1:e22af8c7518e1eab6f2eab2b7d7558927f816262586cd6ed9f349c97a6c285c4"
  name = "github.com/jmespath/go-jmespath"
  packages = ["."]
  pruneopts = "UT"
  revision = "0b12d6b5"

[[projects]]
  digest = "1:ca955a9cd5b50b0f43d2cc3aeb35c951473eeca41b34eb67507f1dbcc0542394"
  name = "github.com/kr/pretty"
  packages = ["."]
  pruneopts = "UT"
  revision = "73f6ac0b30a98e433b289500d779f50c1a6f0712"
  version = "v0.1.0"

[[projects]]
  digest = "1:15b5cc79aad436d47019f814fde81a10221c740dc8ddf769221a65097fb6c2e9"
  name = "github.com/kr/text"
  packages = ["."]
  pruneopts = "UT"
  revision = "e2ffdb16a802fe2bb95e2e35ff34f0e53aeef34f"
  version = "v0.1.0"

[[projects]]
  digest = "1:b18ffc558326ebaed3b4a175617f1e12ed4e3f53d6ebfe5ba372a3de16d22278"
  name = "github.com/lib/pq"
  packages = [
    ".",
    "hstore",
    "oid",
  ]
  pruneopts = "UT"
  revision = "4ded0e9383f75c197b3a2aaa6d590ac52df6fd79"
  version = "v1.0.0"

[[projects]]
  digest = "1:1fc201f179a7d45f944655de3cdbfb0a8a226fd525569454e31ca87f9e4bb677"
  name = "github.com/microcosm-cc/bluemonday"
  packages = ["."]
  pruneopts = "UT"
  revision = "82c7118e8ccf7403d4860175d97bb635e8e28239"
  version = "v1.0.1"

[[projects]]
  branch = "master"
  digest = "1:aa9d2cd5ce31eb9cfec730f15a61a0153bd9837f3c3ed8e43776f1ecceda322c"
  name = "github.com/mrjones/oauth"
  packages = ["."]
  pruneopts = "UT"
  revision = "f4e24b6d100c9436cbfe5d439581653d455490e7"

[[projects]]
  branch = "master"
  digest = "1:2af6ded8a2cc67a8442838226d9365d302e3a4649fc962b5a5772df5428e0490"
  name = "github.com/qor/action_bar"
  packages = ["."]
  pruneopts = "UT"
  revision = "e1b463078c284c499c35b600e7239ddb40e90d86"

[[projects]]
  branch = "master"
  digest = "1:41bbfcc81d33f2f10c41e360dfb992bdc720e24924526897231ab86dd56abb3a"
  name = "github.com/qor/activity"
  packages = ["."]
  pruneopts = "UT"
  revision = "06b5e02b7fa92664750be4526644080806febfd4"

[[projects]]
  branch = "master"
  digest = "1:9f4ad2a5a87babafd93cdbf18a8c8a23971e3a0b5b33708c431bd12a98ad96fb"
  name = "github.com/qor/admin"
  packages = ["."]
  pruneopts = "UT"
  revision = "039c82d89cc3437b66ba13a730043134f312e6e6"

[[projects]]
  branch = "master"
  digest = "1:43abe19be90de7c473a4170530487d144c43f4adcb982d9247bb80499fd0924d"
  name = "github.com/qor/amazon-pay-sdk-go"
  packages = ["."]
  pruneopts = "UT"
  revision = "77369154caccade8f3264326d6c0278a49ebbf04"

[[projects]]
  branch = "master"
  digest = "1:d2bdad175842f83799e02819fa718858ebde6f8704101a7dfa0a4a8e8742e587"
  name = "github.com/qor/assetfs"
  packages = ["."]
  pruneopts = "UT"
  revision = "ff57fdc13a148d39c3e930cb27c7eaf82e376891"

[[projects]]
  digest = "1:acd94d6ee20908e0536850d56635cf261802f73f7a4bc8c961b9280b188de0a5"
  name = "github.com/qor/audited"
  packages = ["."]
  pruneopts = "UT"
  revision = "14901b8dff3c548391195fd3eda7a2781580f3c6"
  version = "v1.0"

[[projects]]
  branch = "master"
  digest = "1:7def6ce607c6abedb0f10cc3892fb5f81abcf966ab911361e9daf00370620581"
  name = "github.com/qor/auth"
  packages = [
    ".",
    "auth_identity",
    "authority",
    "claims",
    "providers/facebook",
    "providers/github",
    "providers/google",
    "providers/password",
    "providers/password/encryptor",
    "providers/password/encryptor/bcrypt_encryptor",
    "providers/twitter",
  ]
  pruneopts = "UT"
  revision = "2bfb79d9618566322a4e5e9b6664eefb9f49f427"

[[projects]]
  branch = "master"
  digest = "1:cd1b3fb9d102249bd5edeff4c8f386a3c7ae8b280f87cde3aa130e5a3195f4f3"
  name = "github.com/qor/auth_themes"
  packages = ["clean"]
  pruneopts = "UT"
  revision = "d9aac462ad967a5bd0aa7a0e96803e236e23e919"

[[projects]]
  branch = "master"
  digest = "1:2e03333ce6f4a45296e28dff5b8fc34f9feb82636023a6fcdbca5a6ff0fe4d58"
  name = "github.com/qor/banner_editor"
  packages = ["."]
  pruneopts = "UT"
  revision = "cc64761c6d28226f0f4ceb6ee373c26661dbfac6"

[[projects]]
  digest = "1:b190028f1ace9c10fcf696ae79ca9a008494c08eda776697173654bc48a5370c"
  name = "github.com/qor/cache"
  packages = [
    ".",
    "memory",
  ]
  pruneopts = "UT"
  revision = "e04154acb5d9d88cb9c33a72f1e9bad72059ae9c"
  version = "v1.0"

[[projects]]
  branch = "master"
  digest = "1:0d2f6e3a0ff60dceea30da93930e43035641b8a263cf8bebd53c8912df9bdda0"
  name = "github.com/qor/exchange"
  packages = [
    ".",
    "backends/csv",
  ]
  pruneopts = "UT"
  revision = "56350463269fe5ed247c0bde851b25255ce19893"

[[projects]]
  branch = "master"
  digest = "1:f0fce47b8198092581dd2ad58d0f72a32b188f6b64a3034ebbfdddc8f0909dfb"
  name = "github.com/qor/gomerchant"
  packages = ["."]
  pruneopts = "UT"
  revision = "df0ba76362361b5c6d00288c08d2ebc24dc1a740"

[[projects]]
  branch = "master"
  digest = "1:a45707238e55f42050af63e3db8d6261ab3ffba492ff3083092c5c4f10f48be0"
  name = "github.com/qor/help"
  packages = ["."]
  pruneopts = "UT"
  revision = "202965d1156a683314b57d4c365de65da479be90"

[[projects]]
  branch = "master"
  digest = "1:4176585cbf5e5b05df984e2cd61d43d0d775abca216cf2098e93778a3f4db8d3"
  name = "github.com/qor/i18n"
  packages = [
    ".",
    "backends/database",
    "backends/yaml",
    "exchange_actions",
    "inline_edit",
  ]
  pruneopts = "UT"
  revision = "399406033dd3645e859b0de4aead1c2a73064128"

[[projects]]
  branch = "master"
  digest = "1:c725f3f3d1dfacbb171cefc1983c5a2a7dd1c6b09356c50581dee5952a306be3"
  name = "github.com/qor/l10n"
  packages = ["."]
  pruneopts = "UT"
  revision = "ace6ea40bbe988d843ab4859328ca46d93f4af0b"

[[projects]]
  branch = "master"
  digest = "1:33717763ded60859bbf44d6580b5919be2ad0297eb7b8c98396495dfe8de3a02"
  name = "github.com/qor/location"
  packages = ["."]
  pruneopts = "UT"
  revision = "ac94d7efe435415da34b00562e80709ebe08dffb"

[[projects]]
  branch = "master"
  digest = "1:840d1f6c45b1591bfd86aaab3f9537c6def8378498fbcfd435c3a4ec5d3f3429"
  name = "github.com/qor/mailer"
  packages = [
    ".",
    "logger",
  ]
  pruneopts = "UT"
  revision = "0555e49f99acf5467a77747fc855d7e005d902c1"

[[projects]]
  branch = "master"
  digest = "1:e2242c35c4aa415cf9f4e98b5dedf7e03b01502e1f30b04b70004c598e2e038e"
  name = "github.com/qor/media"
  packages = [
    ".",
    "asset_manager",
    "media_library",
    "oss",
  ]
  pruneopts = "UT"
  revision = "eb44a416187340241f0b9cf98fef509b2460d9a6"

[[projects]]
  branch = "master"
  digest = "1:d221e9b7e68759e27735dd1929cc37c916eb814cc5ef5bacf533d47d1ca55ff1"
  name = "github.com/qor/middlewares"
  packages = ["."]
  pruneopts = "UT"
  revision = "781378b69454a545d08058d8154aca40d079e7ab"

[[projects]]
  branch = "master"
  digest = "1:5eaf7c1f38e8346bebdbafb8ea50aba66ef02eead6620570d3f30fd7a272d49b"
  name = "github.com/qor/notification"
  packages = [
    ".",
    "channels/database",
  ]
  pruneopts = "UT"
  revision = "2a71c942089c403f7dfbd9ae602d5f8f89cd364d"

[[projects]]
  branch = "master"
  digest = "1:5e75c8cc7f76c0de19c8b501b6736fb1f13fa9e0330102af3f84f7ff7bf2ebfa"
  name = "github.com/qor/oss"
  packages = [
    ".",
    "filesystem",
    "s3",
  ]
  pruneopts = "UT"
  revision = "e3d52e4600e3111d39f318a40f1308dbfc7618fe"

[[projects]]
  branch = "master"
  digest = "1:b0050b6ec9d9317ddc385f7b27e02988bf5df8419ddc3309f7097e60c703d37c"
  name = "github.com/qor/page_builder"
  packages = ["."]
  pruneopts = "UT"
  revision = "5661dd87199044c4fbae1ccdaa6814a373ac2879"

[[projects]]
  branch = "master"
  digest = "1:b03a5e7b8e07f5f2c1f15d09efeabf9f039317e97e9e5775d3f4e569491270e0"
  name = "github.com/qor/publish"
  packages = ["."]
  pruneopts = "UT"
  revision = "8e9ba72ef6e855b43e02361660bccded2d77a04d"

[[projects]]
  branch = "master"
  digest = "1:d3c29b00303c245156018b8b828ee0d0af1972bca33117c270097b83172c0a5b"
  name = "github.com/qor/publish2"
  packages = ["."]
  pruneopts = "UT"
  revision = "ae6205525a1fdbe4022f269f8d73d6442bc4920d"

[[projects]]
  branch = "master"
  digest = "1:11a30a0e35bcfdfe57a1564929d453bb3f98e5da349185738d54a929a3b5ee5e"
  name = "github.com/qor/qor"
  packages = [
    ".",
    "resource",
    "utils",
  ]
  pruneopts = "UT"
  revision = "a9b667cbbf18e5b11cca010970b5a9dc40855ffd"

[[projects]]
  branch = "master"
  digest = "1:0b7da06b62e3ca64cd6a6139910bb88cbd7395fb581a58fde841d99cb44bccb2"
  name = "github.com/qor/redirect_back"
  packages = ["."]
  pruneopts = "UT"
  revision = "b4161ed6f84819fb3a2d13d5c9e6872ef76d8128"

[[projects]]
  branch = "master"
  digest = "1:871bb97c32e369770045fac202122b7da42ea3bbf6d3ea8e886b32ab3a1fc2a1"
  name = "github.com/qor/render"
  packages = ["."]
  pruneopts = "UT"
  revision = "63566e46f01b134ae9882a59a06518e82a903231"

[[projects]]
  branch = "master"
  digest = "1:1b90231d81fce4a2c61be9bbae0e6cc35556ab7bf87e574e9dc334a1985125df"
  name = "github.com/qor/responder"
  packages = ["."]
  pruneopts = "UT"
  revision = "b6def473574f621fee316696ad120d4fbf470826"

[[projects]]
  branch = "master"
  digest = "1:be8425925ff99bd3fb026add07beb8069fed5c8e199b1cd55a871f832d9f6688"
  name = "github.com/qor/roles"
  packages = ["."]
  pruneopts = "UT"
  revision = "d6375609fe3e5da46ad3a574fae244fb633e79c1"

[[projects]]
  branch = "master"
  digest = "1:d1e4d7484f7e6d9622456b9a26c6f3bd0ef874f10b720fbdf4681718b7b5840f"
  name = "github.com/qor/seo"
  packages = ["."]
  pruneopts = "UT"
  revision = "41673c7570c77b0099016081e09a6eaa03557c6e"

[[projects]]
  branch = "master"
  digest = "1:a57c23542a93bf4b5f303b25d5bb0adaf3678ad419dbdbe32d2b23d98453cc2c"
  name = "github.com/qor/serializable_meta"
  packages = ["."]
  pruneopts = "UT"
  revision = "5fd8542db4170c6ce0f8d669b521803b87eb0a99"

[[projects]]
  branch = "master"
  digest = "1:b4e301b2efbd1820b3fcd612e86429ed64e1ddf159cd41ffdcd67947c1235180"
  name = "github.com/qor/session"
  packages = [
    ".",
    "gorilla",
    "manager",
  ]
  pruneopts = "UT"
  revision = "8206b0adab706a6ef3ee6fabba2584d34429a26a"

[[projects]]
  branch = "master"
  digest = "1:b32c7d428ebe5f4031b32d71a39ce7f586d349a8813e40bcdab51cd2a45238a2"
  name = "github.com/qor/slug"
  packages = ["."]
  pruneopts = "UT"
  revision = "545ed2e364522495bbeec88c2afd7a378b59084d"

[[projects]]
  branch = "master"
  digest = "1:0c30a794b2b717b5a2dc777f43c5c90dffbe3299cb3e92cbe16ca9babcef225f"
  name = "github.com/qor/sorting"
  packages = ["."]
  pruneopts = "UT"
  revision = "8308410fca545a341c40f3513328be4f9646fc45"

[[projects]]
  branch = "master"
  digest = "1:c678ac04f0114299ce7d03817c57470fec0ee23f1f547fcb95a6979e72c7a88f"
  name = "github.com/qor/transition"
  packages = ["."]
  pruneopts = "UT"
  revision = "4015a3eee19c49a63b1d22beab1c0c084e72c53b"

[[projects]]
  branch = "master"
  digest = "1:85cb5adb402858878704bc087b8f74fb12d1e56bddbba38e3d94693a14ad93f4"
  name = "github.com/qor/validations"
  packages = ["."]
  pruneopts = "UT"
  revision = "f364bca61b46bd48a5e32552a37758864fdf005d"

[[projects]]
  branch = "master"
  digest = "1:aa3ec12ad55654916b6586ae9d5c928ed10d61f70a9ff2387bf2802b1822c8d5"
  name = "github.com/qor/widget"
  packages = ["."]
  pruneopts = "UT"
  revision = "9d0a3527c4e9b6c1006eb332c539cf8d5ab13b13"

[[projects]]
  branch = "master"
  digest = "1:e609bbc47d1da49ee4c20f6d179a92494d0cd83937d1829567b206436e76e0ba"
  name = "github.com/qor/wildcard_router"
  packages = ["."]
  pruneopts = "UT"
  revision = "56710e5bb5a4958921245cc7cbe25208f91465c1"

[[projects]]
  branch = "master"
  digest = "1:46807708893dfbba591a982dfddd981692edc149438d7f0ec7b26de5f468a9d3"
  name = "github.com/qor/worker"
  packages = ["."]
  pruneopts = "UT"
  revision = "71c2b85f719a35ee1b21c4558af3da195f8b2c84"

[[projects]]
  branch = "master"
  digest = "1:e6a29574542c00bb18adb1bfbe629ff88c468c2af2e2e953d3e58eda07165086"
  name = "github.com/rainycape/unidecode"
  packages = ["."]
  pruneopts = "UT"
  revision = "cb7f23ec59bec0d61b19c56cd88cee3d0cc1870c"

[[projects]]
  digest = "1:a3fff2de985cf671da1c709c2fde3a9d36b266a73cb353be27708a90431132a7"
  name = "github.com/shuLhan/go-bindata"
  packages = ["."]
  pruneopts = "UT"
  revision = "9308d8f97a856c0fc8b0e39dcc6a5bc05ff823bd"

[[projects]]
  branch = "master"
  digest = "1:dfb7bfe4eb3c43dc7fba75419ddb7daef855d556fbd2c3375c27321ba5139421"
  name = "github.com/theplant/cldr"
  packages = ["."]
  pruneopts = "UT"
  revision = "b97a4c2a76cf8ba21d1cb8ed2f4c8ee103371e2d"

[[projects]]
  branch = "master"
  digest = "1:a79dc80dd3154f4fe8d924d19d48d63c22f25fa9e66da497d9ebb037805d7eb1"
  name = "github.com/unrolled/render"
  packages = ["."]
  pruneopts = "UT"
  revision = "b9786414de4d903830df7ac38eea68a0e3267a35"

[[projects]]
  branch = "master"
  digest = "1:1ecf2a49df33be51e757d0033d5d51d5f784f35f68e5a38f797b2d3f03357d71"
  name = "golang.org/x/crypto"
  packages = [
    "bcrypt",
    "blowfish",
  ]
  pruneopts = "UT"
  revision = "0e37d006457bf46f9e6692014ba72ef82c33022c"

[[projects]]
  branch = "master"
  digest = "1:d3d337e91c35f337d548873978c858ecb723168a6303a41a3ba625c79094f899"
  name = "golang.org/x/image"
  packages = [
    "bmp",
    "tiff",
    "tiff/lzw",
  ]
  pruneopts = "UT"
  revision = "c73c2afc3b812cdd6385de5a50616511c4a3d458"

[[projects]]
  branch = "master"
  digest = "1:5ebac515a22f2f6acbc624d46d11f0ca54e3c54ddd535ddaa95a124797e1c8ef"
  name = "golang.org/x/net"
  packages = [
    "context",
    "context/ctxhttp",
    "html",
    "html/atom",
  ]
  pruneopts = "UT"
  revision = "26e67e76b6c3f6ce91f7c52def5af501b4e0f3a2"

[[projects]]
  branch = "master"
  digest = "1:1a137c51b995a9cd6665f98e853b8f6193c20c49562a530217abd779e02eade1"
  name = "golang.org/x/oauth2"
  packages = [
    ".",
    "facebook",
    "google",
    "internal",
    "jws",
    "jwt",
  ]
  pruneopts = "UT"
  revision = "d2e6202438beef2727060aa7cabdd924d92ebfd9"

[[projects]]
  digest = "1:740cec287074ade445ab57356e36f54d3e0d33c0d0ebf77047934da33af2c1c0"
  name = "golang.org/x/text"
  packages = [
    "internal/gen",
    "unicode/cldr",
  ]
  pruneopts = "UT"
  revision = "f21a4dfb5e38f5895301dc265a8def02365cc3d0"
  version = "v0.3.0"

[[projects]]
  digest = "1:77ecc625329a7797b3e24a8432692cd388e87ecd2e8aea2660e9673c3059f36c"
  name = "google.golang.org/appengine"
  packages = [
    ".",
    "cloudsql",
    "internal",
    "internal/app_identity",
    "internal/base",
    "internal/datastore",
    "internal/log",
    "internal/modules",
    "internal/remote_api",
    "internal/urlfetch",
    "urlfetch",
  ]
  pruneopts = "UT"
  revision = "b1f26356af11148e710935ed1ac8a7f5702c7612"
  version = "v1.1.0"

[[projects]]
  digest = "1:342378ac4dcb378a5448dd723f0784ae519383532f5e70ade24132c4c8693202"
  name = "gopkg.in/yaml.v2"
  packages = ["."]
  pruneopts = "UT"
  revision = "5420a8b6744d3b0345ab293f6fcba19c978f1183"
  version = "v2.2.1"

[solve-meta]
  analyzer-name = "dep"
  analyzer-version = 1
  input-imports = [
    "github.com/azumads/faker",
    "github.com/go-chi/chi",
    "github.com/go-chi/chi/middleware",
    "github.com/gorilla/schema",
    "github.com/jinzhu/configor",
    "github.com/jinzhu/gorm",
    "github.com/jinzhu/gorm/dialects/mysql",
    "github.com/jinzhu/gorm/dialects/postgres",
    "github.com/jinzhu/now",
    "github.com/microcosm-cc/bluemonday",
    "github.com/qor/action_bar",
    "github.com/qor/activity",
    "github.com/qor/admin",
    "github.com/qor/amazon-pay-sdk-go",
    "github.com/qor/assetfs",
    "github.com/qor/auth",
    "github.com/qor/auth/auth_identity",
    "github.com/qor/auth/authority",
    "github.com/qor/auth/providers/facebook",
    "github.com/qor/auth/providers/github",
    "github.com/qor/auth/providers/google",
    "github.com/qor/auth/providers/password",
    "github.com/qor/auth/providers/twitter",
    "github.com/qor/auth_themes/clean",
    "github.com/qor/banner_editor",
    "github.com/qor/exchange",
    "github.com/qor/exchange/backends/csv",
    "github.com/qor/gomerchant",
    "github.com/qor/help",
    "github.com/qor/i18n",
    "github.com/qor/i18n/backends/database",
    "github.com/qor/i18n/backends/yaml",
    "github.com/qor/i18n/exchange_actions",
    "github.com/qor/i18n/inline_edit",
    "github.com/qor/l10n",
    "github.com/qor/location",
    "github.com/qor/mailer",
    "github.com/qor/mailer/logger",
    "github.com/qor/media",
    "github.com/qor/media/asset_manager",
    "github.com/qor/media/media_library",
    "github.com/qor/media/oss",
    "github.com/qor/middlewares",
    "github.com/qor/notification",
    "github.com/qor/notification/channels/database",
    "github.com/qor/oss/s3",
    "github.com/qor/page_builder",
    "github.com/qor/publish2",
    "github.com/qor/qor",
    "github.com/qor/qor/resource",
    "github.com/qor/qor/utils",
    "github.com/qor/redirect_back",
    "github.com/qor/render",
    "github.com/qor/responder",
    "github.com/qor/roles",
    "github.com/qor/seo",
    "github.com/qor/session",
    "github.com/qor/session/manager",
    "github.com/qor/slug",
    "github.com/qor/sorting",
    "github.com/qor/transition",
    "github.com/qor/validations",
    "github.com/qor/widget",
    "github.com/qor/wildcard_router",
    "github.com/qor/worker",
    "github.com/shuLhan/go-bindata",
    "github.com/unrolled/render",
    "golang.org/x/crypto/bcrypt",
  ]
  solver-name = "gps-cdcl"
  solver-version = 1
